# THIS IS AN AUTOGENERATED FILE. DO NOT EDIT THIS FILE DIRECTLY.
# yarn lockfile v1


"@types/bn.js@*":
  version "4.11.3"
  resolved "https://registry.yarnpkg.com/@types/bn.js/-/bn.js-4.11.3.tgz#0f09e53e98659b007d7019261ddab9178135df38"
  integrity sha512-auZ3vEo3UW8tZc9NhF0MTnutKlf+YhsfC3+dwskFcil/EoqqZF60pGuJ2v2Ae1OJTUp3DJnjOJMqrpkmKB904w==
  dependencies:
    "@types/node" "*"

"@types/chai@^4.1.4":
  version "4.1.7"
  resolved "https://registry.yarnpkg.com/@types/chai/-/chai-4.1.7.tgz#1b8e33b61a8c09cbe1f85133071baa0dbf9fa71a"
  integrity sha512-2Y8uPt0/jwjhQ6EiluT0XCri1Dbplr0ZxfFXUz+ye13gaqE8u5gL5ppao1JrUYr9cIip5S6MvQzBS7Kke7U9VA==

"@types/mocha@^5.2.5":
  version "5.2.5"
  resolved "https://registry.yarnpkg.com/@types/mocha/-/mocha-5.2.5.tgz#8a4accfc403c124a0bafe8a9fc61a05ec1032073"
  integrity sha512-lAVp+Kj54ui/vLUFxsJTMtWvZraZxum3w3Nwkble2dNuV5VnPA+Mi2oGX9XYJAaIvZi3tn3cbjS/qcJXRb6Bww==

"@types/node@*":
  version "10.12.18"
  resolved "https://registry.yarnpkg.com/@types/node/-/node-10.12.18.tgz#1d3ca764718915584fcd9f6344621b7672665c67"
  integrity sha512-fh+pAqt4xRzPfqA6eh3Z2y6fyZavRIumvjhaCL753+TVkGKGhpPeyrJG2JftD0T9q4GF00KjefsQ+PQNDdWQaQ==

"@types/underscore@*":
  version "1.8.9"
  resolved "https://registry.yarnpkg.com/@types/underscore/-/underscore-1.8.9.tgz#fef41f800cd23db1b4f262ddefe49cd952d82323"
  integrity sha512-vfzZGgZKRFy7KEWcBGfIFk+h6B+thDCLfkD1exMBMRlUsx2icA+J6y4kAbZs/TjSTeY1duw89QUU133TSzr60Q==

"@types/web3@^1.0.14":
  version "1.0.14"
  resolved "https://registry.yarnpkg.com/@types/web3/-/web3-1.0.14.tgz#709b700b3eecf7fe9fb09771c4bf484add89912a"
  integrity sha512-N841xEBVwg0QNin3Zu+Yf7eEKKeJ0MROMc+FvfgtX8r/fwynFhSZVj3VONVcr9QP/Wffq+aggj+4lgrvG3lnFQ==
  dependencies:
    "@types/bn.js" "*"
    "@types/underscore" "*"
